lockfileVersion: '9.0'

settings:
  autoInstallPeers: false
  excludeLinksFromLockfile: false

importers:

  .:
    dependencies:
      cose-base:
        specifier: ^2.2.0
        version: 2.2.0
      cytoscape:
        specifier: ^3.34.1
        version: 3.34.1
      cytoscape-fcose:
        specifier: ^2.2.0
        version: 2.2.0(cytoscape@3.34.1)
      layout-base:
        specifier: ^2.0.1
        version: 2.0.1
    devDependencies:
      '@types/node':
        specifier: ^24.0.0
        version: 24.13.3
      typescript:
        specifier: ^5.9.0
        version: 5.9.3

packages:

  '@types/node@24.13.3':
    resolution: {integrity: sha512-Dh8vAsV36ig5wa9OX4pXvMc9D3Veibfw2wix0CUwYODLD8nkj9UsLjASr49nPg+2eKzxhBV+v7L8pXvT4e639Q==}

  cose-base@2.2.0:
    resolution: {integrity: sha512-AzlgcsCbUMymkADOJtQm3wO9S3ltPfYOFD5033keQn9NJzIbtnZj+UdBJe7DYml/8TdbtHJW3j58SOnKhWY/5g==}

  cytoscape-fcose@2.2.0:
    resolution: {integrity: sha512-ki1/VuRIHFCzxWNrsshHYPs6L7TvLu3DL+TyIGEsRcvVERmxokbf5Gdk7mFxZnTdiGtnA4cfSmjZJMviqSuZrQ==}
    peerDependencies:
      cytoscape: ^3.2.0

  cytoscape@3.34.1:
    resolution: {integrity: sha512-Lr0RvH9H75y9ar8h9Toy6u4lxRSCcxUq+hHcQ26sVWo6BnaQp1gwEZOYqwuYTZhyW7npyKnNLP8oJ2p1/3OZ7g==}
    engines: {node: '>=0.10'}

  layout-base@2.0.1:
    resolution: {integrity: sha512-dp3s92+uNI1hWIpPGH3jK2kxE2lMjdXdr+DH8ynZHpd6PUlH6x6cbuXnoMmiNumznqaNO31xu9e79F0uuZ0JFg==}

  typescript@5.9.3:
    resolution: {integrity: sha512-jl1vZzPDinLr9eUt3J/t7V6FgNEw9QjvBPdysz9KfQDD41fQrC2Y4vKQdiaUpFT4bXlb1RHhLpp8wtm6M5TgSw==}
    engines: {node: '>=14.17'}
    hasBin: true

  undici-types@7.18.2:
    resolution: {integrity: sha512-AsuCzffGHJybSaRrmr5eHr81mwJU3kjw6M+uprWvCXiNeN9SOGwQ3Jn8jb8m3Z6izVgknn1R0FTCEAP2QrLY/w==}

snapshots:

  '@types/node@24.13.3':
    dependencies:
      undici-types: 7.18.2

  cose-base@2.2.0:
    dependencies:
      layout-base: 2.0.1

  cytoscape-fcose@2.2.0(cytoscape@3.34.1):
    dependencies:
      cose-base: 2.2.0
      cytoscape: 3.34.1

  cytoscape@3.34.1: {}

  layout-base@2.0.1: {}

  typescript@5.9.3: {}

  undici-types@7.18.2: {}
